{
  "name": "tokensurvey",
  "version": "1.0.0",
  "lockfileVersion": 3,
  "requires": true,
  "packages": {
    "": {
      "name": "tokensurvey",
      "version": "1.0.0",
      "license": "ISC",
      "dependencies": {
        "gpt-tokenizer": "^4.0.0"
      }
    },
    "node_modules/gpt-tokenizer": {
      "version": "4.0.0",
      "resolved": "https://registry.npmjs.org/gpt-tokenizer/-/gpt-tokenizer-4.0.0.tgz",
      "integrity": "sha512-YAWIyzvuVUHEfW7tFfFAxH8qQb+Q3RU9nYOTy7skMNX5qzU6Q8jxTHZLyO56ug1vYvCR7wndzpd3jwD86/mhjQ==",
      "license": "MIT"
    }
  }
}
